
Microsoft Visual Studio Solution File, Format Version 12.00
# Visual Studio 15
Project("{FAE04EC0-301F-11D3-BF4B-00C04F79EFBC}") = "AgoraRtcSDK", "AgoraRtcSDK.csproj", "{FB452436-8C58-A916-4A6B-5DEC6DC8B2EB}"
EndProject
Project("{FAE04EC0-301F-11D3-BF4B-00C04F79EFBC}") = "Assembly-CSharp", "Assembly-CSharp.csproj", "{376B075A-DAEC-2415-7F79-AC1954607092}"
EndProject
Project("{FAE04EC0-301F-11D3-BF4B-00C04F79EFBC}") = "Fusion.Unity.Editor", "Fusion.Unity.Editor.csproj", "{EABB4480-6F79-9B1E-1ECA-863F6586D72B}"
EndProject
Project("{FAE04EC0-301F-11D3-BF4B-00C04F79EFBC}") = "Assembly-CSharp-Editor", "Assembly-CSharp-Editor.csproj", "{C9D67B12-19ED-B467-4A1A-F0786BAC85E9}"
EndProject
Project("{FAE04EC0-301F-11D3-BF4B-00C04F79EFBC}") = "Fusion.Unity", "Fusion.Unity.csproj", "{C8A82849-6380-7ED1-3F3E-7DB63AC04698}"
EndProject
Project("{FAE04EC0-301F-11D3-BF4B-00C04F79EFBC}") = "Unity.Fusion.CodeGen", "Unity.Fusion.CodeGen.csproj", "{28AD6754-5A02-8AB1-C983-54B17B194C9C}"
EndProject
Global
	GlobalSection(SolutionConfigurationPlatforms) = preSolution
		Debug|Any CPU = Debug|Any CPU
		Release|Any CPU = Release|Any CPU
	EndGlobalSection
	GlobalSection(ProjectConfigurationPlatforms) = postSolution
		{FB452436-8C58-A916-4A6B-5DEC6DC8B2EB}.Debug|Any CPU.ActiveCfg = Debug|Any CPU
		{FB452436-8C58-A916-4A6B-5DEC6DC8B2EB}.Debug|Any CPU.Build.0 = Debug|Any CPU
		{FB452436-8C58-A916-4A6B-5DEC6DC8B2EB}.Release|Any CPU.ActiveCfg = Release|Any CPU
		{FB452436-8C58-A916-4A6B-5DEC6DC8B2EB}.Release|Any CPU.Build.0 = Release|Any CPU
		{376B075A-DAEC-2415-7F79-AC1954607092}.Debug|Any CPU.ActiveCfg = Debug|Any CPU
		{376B075A-DAEC-2415-7F79-AC1954607092}.Debug|Any CPU.Build.0 = Debug|Any CPU
		{376B075A-DAEC-2415-7F79-AC1954607092}.Release|Any CPU.ActiveCfg = Release|Any CPU
		{376B075A-DAEC-2415-7F79-AC1954607092}.Release|Any CPU.Build.0 = Release|Any CPU
		{EABB4480-6F79-9B1E-1ECA-863F6586D72B}.Debug|Any CPU.ActiveCfg = Debug|Any CPU
		{EABB4480-6F79-9B1E-1ECA-863F6586D72B}.Debug|Any CPU.Build.0 = Debug|Any CPU
		{EABB4480-6F79-9B1E-1ECA-863F6586D72B}.Release|Any CPU.ActiveCfg = Release|Any CPU
		{EABB4480-6F79-9B1E-1ECA-863F6586D72B}.Release|Any CPU.Build.0 = Release|Any CPU
		{C9D67B12-19ED-B467-4A1A-F0786BAC85E9}.Debug|Any CPU.ActiveCfg = Debug|Any CPU
		{C9D67B12-19ED-B467-4A1A-F0786BAC85E9}.Debug|Any CPU.Build.0 = Debug|Any CPU
		{C9D67B12-19ED-B467-4A1A-F0786BAC85E9}.Release|Any CPU.ActiveCfg = Release|Any CPU
		{C9D67B12-19ED-B467-4A1A-F0786BAC85E9}.Release|Any CPU.Build.0 = Release|Any CPU
		{C8A82849-6380-7ED1-3F3E-7DB63AC04698}.Debug|Any CPU.ActiveCfg = Debug|Any CPU
		{C8A82849-6380-7ED1-3F3E-7DB63AC04698}.Debug|Any CPU.Build.0 = Debug|Any CPU
		{C8A82849-6380-7ED1-3F3E-7DB63AC04698}.Release|Any CPU.ActiveCfg = Release|Any CPU
		{C8A82849-6380-7ED1-3F3E-7DB63AC04698}.Release|Any CPU.Build.0 = Release|Any CPU
		{28AD6754-5A02-8AB1-C983-54B17B194C9C}.Debug|Any CPU.ActiveCfg = Debug|Any CPU
		{28AD6754-5A02-8AB1-C983-54B17B194C9C}.Debug|Any CPU.Build.0 = Debug|Any CPU
		{28AD6754-5A02-8AB1-C983-54B17B194C9C}.Release|Any CPU.ActiveCfg = Release|Any CPU
		{28AD6754-5A02-8AB1-C983-54B17B194C9C}.Release|Any CPU.Build.0 = Release|Any CPU
	EndGlobalSection
	GlobalSection(SolutionProperties) = preSolution
		HideSolutionNode = FALSE
	EndGlobalSection
EndGlobal
